// !$*UTF8*$!
{
	archiveVersion = 1;
	classes = {
	};
	objectVersion = 56;
	objects = {

/* Begin PBXBuildFile section */
		D9A1F06A29DF14D8003D88C6 /* AppDelegate.swift in Sources */ = {isa = PBXBuildFile; fileRef = D9A1F06929DF14D8003D88C6 /* AppDelegate.swift */; };
		D9A1F06C29DF14D8003D88C6 /* SceneDelegate.swift in Sources */ = {isa = PBXBuildFile; fileRef = D9A1F06B29DF14D8003D88C6 /* SceneDelegate.swift */; };
		D9A1F06E29DF14D8003D88C6 /* RecentPhotosTableViewController.swift in Sources */ = {isa = PBXBuildFile; fileRef = D9A1F06D29DF14D8003D88C6 /* RecentPhotosTableViewController.swift */; };
		D9A1F07129DF14D8003D88C6 /* Main.storyboard in Resources */ = {isa = PBXBuildFile; fileRef = D9A1F06F29DF14D8003D88C6 /* Main.storyboard */; };
		D9A1F07329DF14DD003D88C6 /* Assets.xcassets in Resources */ = {isa = PBXBuildFile; fileRef = D9A1F07229DF14DD003D88C6 /* Assets.xcassets */; };
		D9A1F07629DF14DD003D88C6 /* LaunchScreen.storyboard in Resources */ = {isa = PBXBuildFile; fileRef = D9A1F07429DF14DD003D88C6 /* LaunchScreen.storyboard */; };
		D9A1F08129DF14DD003D88C6 /* FlickrAppTests.swift in Sources */ = {isa = PBXBuildFile; fileRef = D9A1F08029DF14DD003D88C6 /* FlickrAppTests.swift */; };
		D9A1F08B29DF14DE003D88C6 /* FlickrAppUITests.swift in Sources */ = {isa = PBXBuildFile; fileRef = D9A1F08A29DF14DE003D88C6 /* FlickrAppUITests.swift */; };
		D9A1F08D29DF14DE003D88C6 /* FlickrAppUITestsLaunchTests.swift in Sources */ = {isa = PBXBuildFile; fileRef = D9A1F08C29DF14DE003D88C6 /* FlickrAppUITestsLaunchTests.swift */; };
		D9A1F09E29E068DF003D88C6 /* PhotoTableViewCell.swift in Sources */ = {isa = PBXBuildFile; fileRef = D9A1F09D29E068DF003D88C6 /* PhotoTableViewCell.swift */; };
		D9A1F0A129E06CBB003D88C6 /* PhotoDetailViewController.swift in Sources */ = {isa = PBXBuildFile; fileRef = D9A1F0A029E06CBB003D88C6 /* PhotoDetailViewController.swift */; };
		D9A1F0A829E06E92003D88C6 /* PhotoDetail.storyboard in Resources */ = {isa = PBXBuildFile; fileRef = D9A1F0A729E06E92003D88C6 /* PhotoDetail.storyboard */; };
/* End PBXBuildFile section */

/* Begin PBXContainerItemProxy section */
		D9A1F07D29DF14DD003D88C6 /* PBXContainerItemProxy */ = {
			isa = PBXContainerItemProxy;
			containerPortal = D9A1F05E29DF14D8003D88C6 /* Project object */;
			proxyType = 1;
			remoteGlobalIDString = D9A1F06529DF14D8003D88C6;
			remoteInfo = FlickrApp;
		};
		D9A1F08729DF14DD003D88C6 /* PBXContainerItemProxy */ = {
			isa = PBXContainerItemProxy;
			containerPortal = D9A1F05E29DF14D8003D88C6 /* Project object */;
			proxyType = 1;
			remoteGlobalIDString = D9A1F06529DF14D8003D88C6;
			remoteInfo = FlickrApp;
		};
/* End PBXContainerItemProxy section */

/* Begin PBXFileReference section */
		D9A1F06629DF14D8003D88C6 /* FlickrApp.app */ = {isa = PBXFileReference; explicitFileType = wrapper.application; includeInIndex = 0; path = FlickrApp.app; sourceTree = BUILT_PRODUCTS_DIR; };
		D9A1F06929DF14D8003D88C6 /* AppDelegate.swift */ = {isa = PBXFileReference; lastKnownFileType = sourcecode.swift; path = AppDelegate.swift; sourceTree = "<group>"; };
		D9A1F06B29DF14D8003D88C6 /* SceneDelegate.swift */ = {isa = PBXFileReference; lastKnownFileType = sourcecode.swift; path = SceneDelegate.swift; sourceTree = "<group>"; };
		D9A1F06D29DF14D8003D88C6 /* RecentPhotosTableViewController.swift */ = {isa = PBXFileReference; lastKnownFileType = sourcecode.swift; path = RecentPhotosTableViewController.swift; sourceTree = "<group>"; };
		D9A1F07029DF14D8003D88C6 /* Base */ = {isa = PBXFileReference; lastKnownFileType = file.storyboard; name = Base; path = Base.lproj/Main.storyboard; sourceTree = "<group>"; };
		D9A1F07229DF14DD003D88C6 /* Assets.xcassets */ = {isa = PBXFileReference; lastKnownFileType = folder.assetcatalog; path = Assets.xcassets; sourceTree = "<group>"; };
		D9A1F07529DF14DD003D88C6 /* Base */ = {isa = PBXFileReference; lastKnownFileType = file.storyboard; name = Base; path = Base.lproj/LaunchScreen.storyboard; sourceTree = "<group>"; };
		D9A1F07729DF14DD003D88C6 /* Info.plist */ = {isa = PBXFileReference; lastKnownFileType = text.plist.xml; path = Info.plist; sourceTree = "<group>"; };
		D9A1F07C29DF14DD003D88C6 /* FlickrAppTests.xctest */ = {isa = PBXFileReference; explicitFileType = wrapper.cfbundle; includeInIndex = 0; path = FlickrAppTests.xctest; sourceTree = BUILT_PRODUCTS_DIR; };
		D9A1F08029DF14DD003D88C6 /* FlickrAppTests.swift */ = {isa = PBXFileReference; lastKnownFileType = sourcecode.swift; path = FlickrAppTests.swift; sourceTree = "<group>"; };
		D9A1F08629DF14DD003D88C6 /* FlickrAppUITests.xctest */ = {isa = PBXFileReference; explicitFileType = wrapper.cfbundle; includeInIndex = 0; path = FlickrAppUITests.xctest; sourceTree = BUILT_PRODUCTS_DIR; };
		D9A1F08A29DF14DE003D88C6 /* FlickrAppUITests.swift */ = {isa = PBXFileReference; lastKnownFileType = sourcecode.swift; path = FlickrAppUITests.swift; sourceTree = "<group>"; };
		D9A1F08C29DF14DE003D88C6 /* FlickrAppUITestsLaunchTests.swift */ = {isa = PBXFileReference; lastKnownFileType = sourcecode.swift; path = FlickrAppUITestsLaunchTests.swift; sourceTree = "<group>"; };
		D9A1F09D29E068DF003D88C6 /* PhotoTableViewCell.swift */ = {isa = PBXFileReference; lastKnownFileType = sourcecode.swift; path = PhotoTableViewCell.swift; sourceTree = "<group>"; };
		D9A1F0A029E06CBB003D88C6 /* PhotoDetailViewController.swift */ = {isa = PBXFileReference; lastKnownFileType = sourcecode.swift; path = PhotoDetailViewController.swift; sourceTree = "<group>"; };
		D9A1F0A729E06E92003D88C6 /* PhotoDetail.storyboard */ = {isa = PBXFileReference; lastKnownFileType = file.storyboard; path = PhotoDetail.storyboard; sourceTree = "<group>"; };
/* End PBXFileReference section */

/* Begin PBXFrameworksBuildPhase section */
		D9A1F06329DF14D8003D88C6 /* Frameworks */ = {
			isa = PBXFrameworksBuildPhase;
			buildActionMask = 2147483647;
			files = (
			);
			runOnlyForDeploymentPostprocessing = 0;
		};
		D9A1F07929DF14DD003D88C6 /* Frameworks */ = {
			isa = PBXFrameworksBuildPhase;
			buildActionMask = 2147483647;
			files = (
			);
			runOnlyForDeploymentPostprocessing = 0;
		};
		D9A1F08329DF14DD003D88C6 /* Frameworks */ = {
			isa = PBXFrameworksBuildPhase;
			buildActionMask = 2147483647;
			files = (
			);
			runOnlyForDeploymentPostprocessing = 0;
		};
/* End PBXFrameworksBuildPhase section */

/* Begin PBXGroup section */
		D9A1F05D29DF14D8003D88C6 = {
			isa = PBXGroup;
			children = (
				D9A1F06829DF14D8003D88C6 /* FlickrApp */,
				D9A1F07F29DF14DD003D88C6 /* FlickrAppTests */,
				D9A1F08929DF14DD003D88C6 /* FlickrAppUITests */,
				D9A1F06729DF14D8003D88C6 /* Products */,
			);
			sourceTree = "<group>";
		};
		D9A1F06729DF14D8003D88C6 /* Products */ = {
			isa = PBXGroup;
			children = (
				D9A1F06629DF14D8003D88C6 /* FlickrApp.app */,
				D9A1F07C29DF14DD003D88C6 /* FlickrAppTests.xctest */,
				D9A1F08629DF14DD003D88C6 /* FlickrAppUITests.xctest */,
			);
			name = Products;
			sourceTree = "<group>";
		};
		D9A1F06829DF14D8003D88C6 /* FlickrApp */ = {
			isa = PBXGroup;
			children = (
				D9A1F09B29DF170B003D88C6 /* Support */,
				D9A1F09A29DF1708003D88C6 /* Screens */,
				D9A1F09929DF1704003D88C6 /* App */,
			);
			path = FlickrApp;
			sourceTree = "<group>";
		};
		D9A1F07F29DF14DD003D88C6 /* FlickrAppTests */ = {
			isa = PBXGroup;
			children = (
				D9A1F08029DF14DD003D88C6 /* FlickrAppTests.swift */,
			);
			path = FlickrAppTests;
			sourceTree = "<group>";
		};
		D9A1F08929DF14DD003D88C6 /* FlickrAppUITests */ = {
			isa = PBXGroup;
			children = (
				D9A1F08A29DF14DE003D88C6 /* FlickrAppUITests.swift */,
				D9A1F08C29DF14DE003D88C6 /* FlickrAppUITestsLaunchTests.swift */,
			);
			path = FlickrAppUITests;
			sourceTree = "<group>";
		};
		D9A1F09929DF1704003D88C6 /* App */ = {
			isa = PBXGroup;
			children = (
				D9A1F06929DF14D8003D88C6 /* AppDelegate.swift */,
				D9A1F06B29DF14D8003D88C6 /* SceneDelegate.swift */,
			);
			path = App;
			sourceTree = "<group>";
		};
		D9A1F09A29DF1708003D88C6 /* Screens */ = {
			isa = PBXGroup;
			children = (
				D9A1F09F29E06C7F003D88C6 /* PhotoDetail */,
				D9A1F09C29E0535D003D88C6 /* RecentPhotos */,
			);
			path = Screens;
			sourceTree = "<group>";
		};
		D9A1F09B29DF170B003D88C6 /* Support */ = {
			isa = PBXGroup;
			children = (
				D9A1F07229DF14DD003D88C6 /* Assets.xcassets */,
				D9A1F07729DF14DD003D88C6 /* Info.plist */,
				D9A1F07429DF14DD003D88C6 /* LaunchScreen.storyboard */,
			);
			path = Support;
			sourceTree = "<group>";
		};
		D9A1F09C29E0535D003D88C6 /* RecentPhotos */ = {
			isa = PBXGroup;
			children = (
				D9A1F0A429E06D79003D88C6 /* View */,
				D9A1F0A329E06D4C003D88C6 /* Controller */,
			);
			path = RecentPhotos;
			sourceTree = "<group>";
		};
		D9A1F09F29E06C7F003D88C6 /* PhotoDetail */ = {
			isa = PBXGroup;
			children = (
				D9A1F0A629E06DC9003D88C6 /* View */,
				D9A1F0A529E06DBF003D88C6 /* Controller */,
			);
			path = PhotoDetail;
			sourceTree = "<group>";
		};
		D9A1F0A329E06D4C003D88C6 /* Controller */ = {
			isa = PBXGroup;
			children = (
				D9A1F06D29DF14D8003D88C6 /* RecentPhotosTableViewController.swift */,
			);
			path = Controller;
			sourceTree = "<group>";
		};
		D9A1F0A429E06D79003D88C6 /* View */ = {
			isa = PBXGroup;
			children = (
				D9A1F06F29DF14D8003D88C6 /* Main.storyboard */,
				D9A1F09D29E068DF003D88C6 /* PhotoTableViewCell.swift */,
			);
			path = View;
			sourceTree = "<group>";
		};
		D9A1F0A529E06DBF003D88C6 /* Controller */ = {
			isa = PBXGroup;
			children = (
				D9A1F0A029E06CBB003D88C6 /* PhotoDetailViewController.swift */,
			);
			path = Controller;
			sourceTree = "<group>";
		};
		D9A1F0A629E06DC9003D88C6 /* View */ = {
			isa = PBXGroup;
			children = (
				D9A1F0A729E06E92003D88C6 /* PhotoDetail.storyboard */,
			);
			path = View;
			sourceTree = "<group>";
		};
/* End PBXGroup section */

/* Begin PBXNativeTarget section */
		D9A1F06529DF14D8003D88C6 /* FlickrApp */ = {
			isa = PBXNativeTarget;
			buildConfigurationList = D9A1F09029DF14DE003D88C6 /* Build configuration list for PBXNativeTarget "FlickrApp" */;
			buildPhases = (
				D9A1F06229DF14D8003D88C6 /* Sources */,
				D9A1F06329DF14D8003D88C6 /* Frameworks */,
				D9A1F06429DF14D8003D88C6 /* Resources */,
			);
			buildRules = (
			);
			dependencies = (
			);
			name = FlickrApp;
			productName = FlickrApp;
			productReference = D9A1F06629DF14D8003D88C6 /* FlickrApp.app */;
			productType = "com.apple.product-type.application";
		};
		D9A1F07B29DF14DD003D88C6 /* FlickrAppTests */ = {
			isa = PBXNativeTarget;
			buildConfigurationList = D9A1F09329DF14DE003D88C6 /* Build configuration list for PBXNativeTarget "FlickrAppTests" */;
			buildPhases = (
				D9A1F07829DF14DD003D88C6 /* Sources */,
				D9A1F07929DF14DD003D88C6 /* Frameworks */,
				D9A1F07A29DF14DD003D88C6 /* Resources */,
			);
			buildRules = (
			);
			dependencies = (
				D9A1F07E29DF14DD003D88C6 /* PBXTargetDependency */,
			);
			name = FlickrAppTests;
			productName = FlickrAppTests;
			productReference = D9A1F07C29DF14DD003D88C6 /* FlickrAppTests.xctest */;
			productType = "com.apple.product-type.bundle.unit-test";
		};
		D9A1F08529DF14DD003D88C6 /* FlickrAppUITests */ = {
			isa = PBXNativeTarget;
			buildConfigurationList = D9A1F09629DF14DE003D88C6 /* Build configuration list for PBXNativeTarget "FlickrAppUITests" */;
			buildPhases = (
				D9A1F08229DF14DD003D88C6 /* Sources */,
				D9A1F08329DF14DD003D88C6 /* Frameworks */,
				D9A1F08429DF14DD003D88C6 /* Resources */,
			);
			buildRules = (
			);
			dependencies = (
				D9A1F08829DF14DD003D88C6 /* PBXTargetDependency */,
			);
			name = FlickrAppUITests;
			productName = FlickrAppUITests;
			productReference = D9A1F08629DF14DD003D88C6 /* FlickrAppUITests.xctest */;
			productType = "com.apple.product-type.bundle.ui-testing";
		};
/* End PBXNativeTarget section */

/* Begin PBXProject section */
		D9A1F05E29DF14D8003D88C6 /* Project object */ = {
			isa = PBXProject;
			attributes = {
				BuildIndependentTargetsInParallel = 1;
				LastSwiftUpdateCheck = 1420;
				LastUpgradeCheck = 1420;
				TargetAttributes = {
					D9A1F06529DF14D8003D88C6 = {
						CreatedOnToolsVersion = 14.2;
					};
					D9A1F07B29DF14DD003D88C6 = {
						CreatedOnToolsVersion = 14.2;
						TestTargetID = D9A1F06529DF14D8003D88C6;
					};
					D9A1F08529DF14DD003D88C6 = {
						CreatedOnToolsVersion = 14.2;
						TestTargetID = D9A1F06529DF14D8003D88C6;
					};
				};
			};
			buildConfigurationList = D9A1F06129DF14D8003D88C6 /* Build configuration list for PBXProject "FlickrApp" */;
			compatibilityVersion = "Xcode 14.0";
			developmentRegion = en;
			hasScannedForEncodings = 0;
			knownRegions = (
				en,
				Base,
			);
			mainGroup = D9A1F05D29DF14D8003D88C6;
			productRefGroup = D9A1F06729DF14D8003D88C6 /* Products */;
			projectDirPath = "";
			projectRoot = "";
			targets = (
				D9A1F06529DF14D8003D88C6 /* FlickrApp */,
				D9A1F07B29DF14DD003D88C6 /* FlickrAppTests */,
				D9A1F08529DF14DD003D88C6 /* FlickrAppUITests */,
			);
		};
/* End PBXProject section */

/* Begin PBXResourcesBuildPhase section */
		D9A1F06429DF14D8003D88C6 /* Resources */ = {
			isa = PBXResourcesBuildPhase;
			buildActionMask = 2147483647;
			files = (
				D9A1F07629DF14DD003D88C6 /* LaunchScreen.storyboard in Resources */,
				D9A1F07329DF14DD003D88C6 /* Assets.xcassets in Resources */,
				D9A1F0A829E06E92003D88C6 /* PhotoDetail.storyboard in Resources */,
				D9A1F07129DF14D8003D88C6 /* Main.storyboard in Resources */,
			);
			runOnlyForDeploymentPostprocessing = 0;
		};
		D9A1F07A29DF14DD003D88C6 /* Resources */ = {
			isa = PBXResourcesBuildPhase;
			buildActionMask = 2147483647;
			files = (
			);
			runOnlyForDeploymentPostprocessing = 0;
		};
		D9A1F08429DF14DD003D88C6 /* Resources */ = {
			isa = PBXResourcesBuildPhase;
			buildActionMask = 2147483647;
			files = (
			);
			runOnlyForDeploymentPostprocessing = 0;
		};
/* End PBXResourcesBuildPhase section */

/* Begin PBXSourcesBuildPhase section */
		D9A1F06229DF14D8003D88C6 /* Sources */ = {
			isa = PBXSourcesBuildPhase;
			buildActionMask = 2147483647;
			files = (
				D9A1F09E29E068DF003D88C6 /* PhotoTableViewCell.swift in Sources */,
				D9A1F06E29DF14D8003D88C6 /* RecentPhotosTableViewController.swift in Sources */,
				D9A1F06A29DF14D8003D88C6 /* AppDelegate.swift in Sources */,
				D9A1F0A129E06CBB003D88C6 /* PhotoDetailViewController.swift in Sources */,
				D9A1F06C29DF14D8003D88C6 /* SceneDelegate.swift in Sources */,
			);
			runOnlyForDeploymentPostprocessing = 0;
		};
		D9A1F07829DF14DD003D88C6 /* Sources */ = {
			isa = PBXSourcesBuildPhase;
			buildActionMask = 2147483647;
			files = (
				D9A1F08129DF14DD003D88C6 /* FlickrAppTests.swift in Sources */,
			);
			runOnlyForDeploymentPostprocessing = 0;
		};
		D9A1F08229DF14DD003D88C6 /* Sources */ = {
			isa = PBXSourcesBuildPhase;
			buildActionMask = 2147483647;
			files = (
				D9A1F08B29DF14DE003D88C6 /* FlickrAppUITests.swift in Sources */,
				D9A1F08D29DF14DE003D88C6 /* FlickrAppUITestsLaunchTests.swift in Sources */,
			);
			runOnlyForDeploymentPostprocessing = 0;
		};
/* End PBXSourcesBuildPhase section */

/* Begin PBXTargetDependency section */
		D9A1F07E29DF14DD003D88C6 /* PBXTargetDependency */ = {
			isa = PBXTargetDependency;
			target = D9A1F06529DF14D8003D88C6 /* FlickrApp */;
			targetProxy = D9A1F07D29DF14DD003D88C6 /* PBXContainerItemProxy */;
		};
		D9A1F08829DF14DD003D88C6 /* PBXTargetDependency */ = {
			isa = PBXTargetDependency;
			target = D9A1F06529DF14D8003D88C6 /* FlickrApp */;
			targetProxy = D9A1F08729DF14DD003D88C6 /* PBXContainerItemProxy */;
		};
/* End PBXTargetDependency section */

/* Begin PBXVariantGroup section */
		D9A1F06F29DF14D8003D88C6 /* Main.storyboard */ = {
			isa = PBXVariantGroup;
			children = (
				D9A1F07029DF14D8003D88C6 /* Base */,
			);
			name = Main.storyboard;
			sourceTree = "<group>";
		};
		D9A1F07429DF14DD003D88C6 /* LaunchScreen.storyboard */ = {
			isa = PBXVariantGroup;
			children = (
				D9A1F07529DF14DD003D88C6 /* Base */,
			);
			name = LaunchScreen.storyboard;
			sourceTree = "<group>";
		};
/* End PBXVariantGroup section */

/* Begin XCBuildConfiguration section */
		D9A1F08E29DF14DE003D88C6 /* Debug */ = {
			isa = XCBuildConfiguration;
			buildSettings = {
				ALWAYS_SEARCH_USER_PATHS = NO;
				CLANG_ANALYZER_NONNULL = YES;
				CLANG_ANALYZER_NUMBER_OBJECT_CONVERSION = YES_AGGRESSIVE;
				CLANG_CXX_LANGUAGE_STANDARD = "gnu++20";
				CLANG_ENABLE_MODULES = YES;
				CLANG_ENABLE_OBJC_ARC = YES;
				CLANG_ENABLE_OBJC_WEAK = YES;
				CLANG_WARN_BLOCK_CAPTURE_AUTORELEASING = YES;
				CLANG_WARN_BOOL_CONVERSION = YES;
				CLANG_WARN_COMMA = YES;
				CLANG_WARN_CONSTANT_CONVERSION = YES;
				CLANG_WARN_DEPRECATED_OBJC_IMPLEMENTATIONS = YES;
				CLANG_WARN_DIRECT_OBJC_ISA_USAGE = YES_ERROR;
				CLANG_WARN_DOCUMENTATION_COMMENTS = YES;
				CLANG_WARN_EMPTY_BODY = YES;
				CLANG_WARN_ENUM_CONVERSION = YES;
				CLANG_WARN_INFINITE_RECURSION = YES;
				CLANG_WARN_INT_CONVERSION = YES;
				CLANG_WARN_NON_LITERAL_NULL_CONVERSION = YES;
				CLANG_WARN_OBJC_IMPLICIT_RETAIN_SELF = YES;
				CLANG_WARN_OBJC_LITERAL_CONVERSION = YES;
				CLANG_WARN_OBJC_ROOT_CLASS = YES_ERROR;
				CLANG_WARN_QUOTED_INCLUDE_IN_FRAMEWORK_HEADER = YES;
				CLANG_WARN_RANGE_LOOP_ANALYSIS = YES;
				CLANG_WARN_STRICT_PROTOTYPES = YES;
				CLANG_WARN_SUSPICIOUS_MOVE = YES;
				CLANG_WARN_UNGUARDED_AVAILABILITY = YES_AGGRESSIVE;
				CLANG_WARN_UNREACHABLE_CODE = YES;
				CLANG_WARN__DUPLICATE_METHOD_MATCH = YES;
				COPY_PHASE_STRIP = NO;
				DEBUG_INFORMATION_FORMAT = dwarf;
				ENABLE_STRICT_OBJC_MSGSEND = YES;
				ENABLE_TESTABILITY = YES;
				GCC_C_LANGUAGE_STANDARD = gnu11;
				GCC_DYNAMIC_NO_PIC = NO;
				GCC_NO_COMMON_BLOCKS = YES;
				GCC_OPTIMIZATION_LEVEL = 0;
				GCC_PREPROCESSOR_DEFINITIONS = (
					"DEBUG=1",
					"$(inherited)",
				);
				GCC_WARN_64_TO_32_BIT_CONVERSION = YES;
				GCC_WARN_ABOUT_RETURN_TYPE = YES_ERROR;
				GCC_WARN_UNDECLARED_SELECTOR = YES;
				GCC_WARN_UNINITIALIZED_AUTOS = YES_AGGRESSIVE;
				GCC_WARN_UNUSED_FUNCTION = YES;
				GCC_WARN_UNUSED_VARIABLE = YES;
				IPHONEOS_DEPLOYMENT_TARGET = 16.2;
				MTL_ENABLE_DEBUG_INFO = INCLUDE_SOURCE;
				MTL_FAST_MATH = YES;
				ONLY_ACTIVE_ARCH = YES;
				SDKROOT = iphoneos;
				SWIFT_ACTIVE_COMPILATION_CONDITIONS = DEBUG;
				SWIFT_OPTIMIZATION_LEVEL = "-Onone";
			};
			name = Debug;
		};
		D9A1F08F29DF14DE003D88C6 /* Release */ = {
			isa = XCBuildConfiguration;
			buildSettings = {
				ALWAYS_SEARCH_USER_PATHS = NO;
				CLANG_ANALYZER_NONNULL = YES;
				CLANG_ANALYZER_NUMBER_OBJECT_CONVERSION = YES_AGGRESSIVE;
				CLANG_CXX_LANGUAGE_STANDARD = "gnu++20";
				CLANG_ENABLE_MODULES = YES;
				CLANG_ENABLE_OBJC_ARC = YES;
				CLANG_ENABLE_OBJC_WEAK = YES;
				CLANG_WARN_BLOCK_CAPTURE_AUTORELEASING = YES;
				CLANG_WARN_BOOL_CONVERSION = YES;
				CLANG_WARN_COMMA = YES;
				CLANG_WARN_CONSTANT_CONVERSION = YES;
				CLANG_WARN_DEPRECATED_OBJC_IMPLEMENTATIONS = YES;
				CLANG_WARN_DIRECT_OBJC_ISA_USAGE = YES_ERROR;
				CLANG_WARN_DOCUMENTATION_COMMENTS = YES;
				CLANG_WARN_EMPTY_BODY = YES;
				CLANG_WARN_ENUM_CONVERSION = YES;
				CLANG_WARN_INFINITE_RECURSION = YES;
				CLANG_WARN_INT_CONVERSION = YES;
				CLANG_WARN_NON_LITERAL_NULL_CONVERSION = YES;
				CLANG_WARN_OBJC_IMPLICIT_RETAIN_SELF = YES;
				CLANG_WARN_OBJC_LITERAL_CONVERSION = YES;
				CLANG_WARN_OBJC_ROOT_CLASS = YES_ERROR;
				CLANG_WARN_QUOTED_INCLUDE_IN_FRAMEWORK_HEADER = YES;
				CLANG_WARN_RANGE_LOOP_ANALYSIS = YES;
				CLANG_WARN_STRICT_PROTOTYPES = YES;
				CLANG_WARN_SUSPICIOUS_MOVE = YES;
				CLANG_WARN_UNGUARDED_AVAILABILITY = YES_AGGRESSIVE;
				CLANG_WARN_UNREACHABLE_CODE = YES;
				CLANG_WARN__DUPLICATE_METHOD_MATCH = YES;
				COPY_PHASE_STRIP = NO;
				DEBUG_INFORMATION_FORMAT = "dwarf-with-dsym";
				ENABLE_NS_ASSERTIONS = NO;
				ENABLE_STRICT_OBJC_MSGSEND = YES;
				GCC_C_LANGUAGE_STANDARD = gnu11;
				GCC_NO_COMMON_BLOCKS = YES;
				GCC_WARN_64_TO_32_BIT_CONVERSION = YES;
				GCC_WARN_ABOUT_RETURN_TYPE = YES_ERROR;
				GCC_WARN_UNDECLARED_SELECTOR = YES;
				GCC_WARN_UNINITIALIZED_AUTOS = YES_AGGRESSIVE;
				GCC_WARN_UNUSED_FUNCTION = YES;
				GCC_WARN_UNUSED_VARIABLE = YES;
				IPHONEOS_DEPLOYMENT_TARGET = 16.2;
				MTL_ENABLE_DEBUG_INFO = NO;
				MTL_FAST_MATH = YES;
				SDKROOT = iphoneos;
				SWIFT_COMPILATION_MODE = wholemodule;
				SWIFT_OPTIMIZATION_LEVEL = "-O";
				VALIDATE_PRODUCT = YES;
			};
			name = Release;
		};
		D9A1F09129DF14DE003D88C6 /* Debug */ = {
			isa = XCBuildConfiguration;
			buildSettings = {
				ASSETCATALOG_COMPILER_APPICON_NAME = AppIcon;
				ASSETCATALOG_COMPILER_GLOBAL_ACCENT_COLOR_NAME = AccentColor;
				CODE_SIGN_STYLE = Automatic;
				CURRENT_PROJECT_VERSION = 1;
				DEVELOPMENT_TEAM = G639H868D6;
				GENERATE_INFOPLIST_FILE = YES;
				INFOPLIST_FILE = FlickrApp/Support/Info.plist;
				INFOPLIST_KEY_UIApplicationSupportsIndirectInputEvents = YES;
				INFOPLIST_KEY_UILaunchStoryboardName = LaunchScreen;
				INFOPLIST_KEY_UIMainStoryboardFile = Main;
				INFOPLIST_KEY_UISupportedInterfaceOrientations = UIInterfaceOrientationPortrait;
				INFOPLIST_KEY_UISupportedInterfaceOrientations_iPad = "UIInterfaceOrientationLandscapeLeft UIInterfaceOrientationLandscapeRight UIInterfaceOrientationPortrait UIInterfaceOrientationPortraitUpsideDown";
				IPHONEOS_DEPLOYMENT_TARGET = 15.5;
				LD_RUNPATH_SEARCH_PATHS = (
					"$(inherited)",
					"@executable_path/Frameworks",
				);
				MARKETING_VERSION = 1.0;
				PRODUCT_BUNDLE_IDENTIFIER = com.ismailtever.FlickrApp;
				PRODUCT_NAME = "$(TARGET_NAME)";
				SUPPORTED_PLATFORMS = "iphoneos iphonesimulator";
				SUPPORTS_MACCATALYST = NO;
				SUPPORTS_MAC_DESIGNED_FOR_IPHONE_IPAD = YES;
				SWIFT_EMIT_LOC_STRINGS = YES;
				SWIFT_VERSION = 5.0;
				TARGETED_DEVICE_FAMILY = 1;
			};
			name = Debug;
		};
		D9A1F09229DF14DE003D88C6 /* Release */ = {
			isa = XCBuildConfiguration;
			buildSettings = {
				ASSETCATALOG_COMPILER_APPICON_NAME = AppIcon;
				ASSETCATALOG_COMPILER_GLOBAL_ACCENT_COLOR_NAME = AccentColor;
				CODE_SIGN_STYLE = Automatic;
				CURRENT_PROJECT_VERSION = 1;
				DEVELOPMENT_TEAM = G639H868D6;
				GENERATE_INFOPLIST_FILE = YES;
				INFOPLIST_FILE = FlickrApp/Support/Info.plist;
				INFOPLIST_KEY_UIApplicationSupportsIndirectInputEvents = YES;
				INFOPLIST_KEY_UILaunchStoryboardName = LaunchScreen;
				INFOPLIST_KEY_UIMainStoryboardFile = Main;
				INFOPLIST_KEY_UISupportedInterfaceOrientations = UIInterfaceOrientationPortrait;
				INFOPLIST_KEY_UISupportedInterfaceOrientations_iPad = "UIInterfaceOrientationLandscapeLeft UIInterfaceOrientationLandscapeRight UIInterfaceOrientationPortrait UIInterfaceOrientationPortraitUpsideDown";
				IPHONEOS_DEPLOYMENT_TARGET = 15.5;
				LD_RUNPATH_SEARCH_PATHS = (
					"$(inherited)",
					"@executable_path/Frameworks",
				);
				MARKETING_VERSION = 1.0;
				PRODUCT_BUNDLE_IDENTIFIER = com.ismailtever.FlickrApp;
				PRODUCT_NAME = "$(TARGET_NAME)";
				SUPPORTED_PLATFORMS = "iphoneos iphonesimulator";
				SUPPORTS_MACCATALYST = NO;
				SUPPORTS_MAC_DESIGNED_FOR_IPHONE_IPAD = YES;
				SWIFT_EMIT_LOC_STRINGS = YES;
				SWIFT_VERSION = 5.0;
				TARGETED_DEVICE_FAMILY = 1;
			};
			name = Release;
		};
		D9A1F09429DF14DE003D88C6 /* Debug */ = {
			isa = XCBuildConfiguration;
			buildSettings = {
				ALWAYS_EMBED_SWIFT_STANDARD_LIBRARIES = YES;
				BUNDLE_LOADER = "$(TEST_HOST)";
				CODE_SIGN_STYLE = Automatic;
				CURRENT_PROJECT_VERSION = 1;
				DEVELOPMENT_TEAM = G639H868D6;
				GENERATE_INFOPLIST_FILE = YES;
				IPHONEOS_DEPLOYMENT_TARGET = 16.2;
				MARKETING_VERSION = 1.0;
				PRODUCT_BUNDLE_IDENTIFIER = com.ismailtever.FlickrAppTests;
				PRODUCT_NAME = "$(TARGET_NAME)";
				SWIFT_EMIT_LOC_STRINGS = NO;
				SWIFT_VERSION = 5.0;
				TARGETED_DEVICE_FAMILY = "1,2";
				TEST_HOST = "$(BUILT_PRODUCTS_DIR)/FlickrApp.app/$(BUNDLE_EXECUTABLE_FOLDER_PATH)/FlickrApp";
			};
			name = Debug;
		};
		D9A1F09529DF14DE003D88C6 /* Release */ = {
			isa = XCBuildConfiguration;
			buildSettings = {
				ALWAYS_EMBED_SWIFT_STANDARD_LIBRARIES = YES;
				BUNDLE_LOADER = "$(TEST_HOST)";
				CODE_SIGN_STYLE = Automatic;
				CURRENT_PROJECT_VERSION = 1;
				DEVELOPMENT_TEAM = G639H868D6;
				GENERATE_INFOPLIST_FILE = YES;
				IPHONEOS_DEPLOYMENT_TARGET = 16.2;
				MARKETING_VERSION = 1.0;
				PRODUCT_BUNDLE_IDENTIFIER = com.ismailtever.FlickrAppTests;
				PRODUCT_NAME = "$(TARGET_NAME)";
				SWIFT_EMIT_LOC_STRINGS = NO;
				SWIFT_VERSION = 5.0;
				TARGETED_DEVICE_FAMILY = "1,2";
				TEST_HOST = "$(BUILT_PRODUCTS_DIR)/FlickrApp.app/$(BUNDLE_EXECUTABLE_FOLDER_PATH)/FlickrApp";
			};
			name = Release;
		};
		D9A1F09729DF14DE003D88C6 /* Debug */ = {
			isa = XCBuildConfiguration;
			buildSettings = {
				ALWAYS_EMBED_SWIFT_STANDARD_LIBRARIES = YES;
				CODE_SIGN_STYLE = Automatic;
				CURRENT_PROJECT_VERSION = 1;
				DEVELOPMENT_TEAM = G639H868D6;
				GENERATE_INFOPLIST_FILE = YES;
				MARKETING_VERSION = 1.0;
				PRODUCT_BUNDLE_IDENTIFIER = com.ismailtever.FlickrAppUITests;
				PRODUCT_NAME = "$(TARGET_NAME)";
				SWIFT_EMIT_LOC_STRINGS = NO;
				SWIFT_VERSION = 5.0;
				TARGETED_DEVICE_FAMILY = "1,2";
				TEST_TARGET_NAME = FlickrApp;
			};
			name = Debug;
		};
		D9A1F09829DF14DE003D88C6 /* Release */ = {
			isa = XCBuildConfiguration;
			buildSettings = {
				ALWAYS_EMBED_SWIFT_STANDARD_LIBRARIES = YES;
				CODE_SIGN_STYLE = Automatic;
				CURRENT_PROJECT_VERSION = 1;
				DEVELOPMENT_TEAM = G639H868D6;
				GENERATE_INFOPLIST_FILE = YES;
				MARKETING_VERSION = 1.0;
				PRODUCT_BUNDLE_IDENTIFIER = com.ismailtever.FlickrAppUITests;
				PRODUCT_NAME = "$(TARGET_NAME)";
				SWIFT_EMIT_LOC_STRINGS = NO;
				SWIFT_VERSION = 5.0;
				TARGETED_DEVICE_FAMILY = "1,2";
				TEST_TARGET_NAME = FlickrApp;
			};
			name = Release;
		};
/* End XCBuildConfiguration section */

/* Begin XCConfigurationList section */
		D9A1F06129DF14D8003D88C6 /* Build configuration list for PBXProject "FlickrApp" */ = {
			isa = XCConfigurationList;
			buildConfigurations = (
				D9A1F08E29DF14DE003D88C6 /* Debug */,
				D9A1F08F29DF14DE003D88C6 /* Release */,
			);
			defaultConfigurationIsVisible = 0;
			defaultConfigurationName = Release;
		};
		D9A1F09029DF14DE003D88C6 /* Build configuration list for PBXNativeTarget "FlickrApp" */ = {
			isa = XCConfigurationList;
			buildConfigurations = (
				D9A1F09129DF14DE003D88C6 /* Debug */,
				D9A1F09229DF14DE003D88C6 /* Release */,
			);
			defaultConfigurationIsVisible = 0;
			defaultConfigurationName = Release;
		};
		D9A1F09329DF14DE003D88C6 /* Build configuration list for PBXNativeTarget "FlickrAppTests" */ = {
			isa = XCConfigurationList;
			buildConfigurations = (
				D9A1F09429DF14DE003D88C6 /* Debug */,
				D9A1F09529DF14DE003D88C6 /* Release */,
			);
			defaultConfigurationIsVisible = 0;
			defaultConfigurationName = Release;
		};
		D9A1F09629DF14DE003D88C6 /* Build configuration list for PBXNativeTarget "FlickrAppUITests" */ = {
			isa = XCConfigurationList;
			buildConfigurations = (
				D9A1F09729DF14DE003D88C6 /* Debug */,
				D9A1F09829DF14DE003D88C6 /* Release */,
			);
			defaultConfigurationIsVisible = 0;
			defaultConfigurationName = Release;
		};
/* End XCConfigurationList section */
	};
	rootObject = D9A1F05E29DF14D8003D88C6 /* Project object */;
}
